<?xml version="1.0" encoding="UTF-8" standalone="yes" ?>
<CodeBlocks_project_file>
	<FileVersion major="1" minor="6" />
	<Project>
		<Option title="sdlpro" />
		<Option pch_mode="2" />
		<Option compiler="gcc" />
		<Build>
			<Target title="Debug">
				<Option output="bin/Debug/sdlpro" prefix_auto="1" extension_auto="1" />
				<Option object_output="obj/Debug/" />
				<Option type="1" />
				<Option compiler="gcc" />
				<Compiler>
					<Add option="-g" />
					<Add directory="include" />
					<Add directory="include/SDL2" />
				</Compiler>
				<Linker>
					<Add library="bin/SDL2.lib" />
					<Add directory="bin" />
				</Linker>
			</Target>
			<Target title="Release">
				<Option output="bin/Release/sdlpro" prefix_auto="1" extension_auto="1" />
				<Option object_output="obj/Release/" />
				<Option type="1" />
				<Option compiler="gcc" />
				<Compiler>
					<Add option="-O2" />
					<Add directory="include" />
					<Add directory="include/SDL2" />
				</Compiler>
				<Linker>
					<Add option="-s" />
					<Add library="bin/SDL2.lib" />
					<Add directory="bin" />
				</Linker>
			</Target>
		</Build>
		<Compiler>
			<Add option="-Wall" />
			<Add option="-fexceptions" />
			<Add directory="include" />
			<Add directory="include/SDL2" />
		</Compiler>
		<Linker>
			<Add library="bin/SDL2.lib" />
			<Add directory="bin" />
		</Linker>
		<Unit filename="include/Particle.h" />
		<Unit filename="include/Screen.h" />
		<Unit filename="include/Swarm.h" />
		<Unit filename="include/testclass.h" />
		<Unit filename="main.cpp" />
		<Unit filename="src/Particle.cpp" />
		<Unit filename="src/Screen.cpp" />
		<Unit filename="src/Swarm.cpp" />
		<Unit filename="src/testclass.cpp" />
		<Extensions />
	</Project>
</CodeBlocks_project_file>
